
Microsoft Visual Studio Solution File, Format Version 12.00
# Visual Studio 15
Project("{8BC9CEB8-8B4A-11D0-8D11-00A0C91BC942}") = "game-of-life", "game-of-life.vcxproj", "{CEABB219-BA0E-42BE-6394-7A744FD60D41}"
EndProject
Global
	GlobalSection(SolutionConfigurationPlatforms) = preSolution
		Debug|Win32 = Debug|Win32
		Debug|x64 = Debug|x64
		Release|Win32 = Release|Win32
		Release|x64 = Release|x64
	EndGlobalSection
	GlobalSection(ProjectConfigurationPlatforms) = postSolution
		{CEABB219-BA0E-42BE-6394-7A744FD60D41}.Debug|Win32.ActiveCfg = Debug|Win32
		{CEABB219-BA0E-42BE-6394-7A744FD60D41}.Debug|Win32.Build.0 = Debug|Win32
		{CEABB219-BA0E-42BE-6394-7A744FD60D41}.Debug|x64.ActiveCfg = Debug|x64
		{CEABB219-BA0E-42BE-6394-7A744FD60D41}.Debug|x64.Build.0 = Debug|x64
		{CEABB219-BA0E-42BE-6394-7A744FD60D41}.Release|Win32.ActiveCfg = Release|Win32
		{CEABB219-BA0E-42BE-6394-7A744FD60D41}.Release|Win32.Build.0 = Release|Win32
		{CEABB219-BA0E-42BE-6394-7A744FD60D41}.Release|x64.ActiveCfg = Release|x64
		{CEABB219-BA0E-42BE-6394-7A744FD60D41}.Release|x64.Build.0 = Release|x64
	EndGlobalSection
	GlobalSection(SolutionProperties) = preSolution
		HideSolutionNode = FALSE
	EndGlobalSection
EndGlobal
